
Microsoft Visual Studio Solution File, Format Version 12.00
# Visual Studio Version 17
VisualStudioVersion = 17.2.32616.157
MinimumVisualStudioVersion = 10.0.40219.1
Project("{FAE04EC0-301F-11D3-BF4B-00C04F79EFBC}") = "MovieManagement.API", "MovieManagement.API\MovieManagement.API.csproj", "{6707A4F0-C72B-4919-A07C-EE1ABB24AEA0}"
EndProject
Global
	GlobalSection(SolutionConfigurationPlatforms) = preSolution
		Debug|Any CPU = Debug|Any CPU
		Release|Any CPU = Release|Any CPU
	EndGlobalSection
	GlobalSection(ProjectConfigurationPlatforms) = postSolution
		{6707A4F0-C72B-4919-A07C-EE1ABB24AEA0}.Debug|Any CPU.ActiveCfg = Debug|Any CPU
		{6707A4F0-C72B-4919-A07C-EE1ABB24AEA0}.Debug|Any CPU.Build.0 = Debug|Any CPU
		{6707A4F0-C72B-4919-A07C-EE1ABB24AEA0}.Release|Any CPU.ActiveCfg = Release|Any CPU
		{6707A4F0-C72B-4919-A07C-EE1ABB24AEA0}.Release|Any CPU.Build.0 = Release|Any CPU
	EndGlobalSection
	GlobalSection(SolutionProperties) = preSolution
		HideSolutionNode = FALSE
	EndGlobalSection
	GlobalSection(ExtensibilityGlobals) = postSolution
		SolutionGuid = {F25A3651-69C5-48E4-B238-F4037078FE4A}
	EndGlobalSection
EndGlobal
